// !$*UTF8*$!
{
	archiveVersion = 1;
	classes = {
	};
	objectVersion = 50;
	objects = {

/* Begin PBXBuildFile section */
		9F3A12BC26ECED3300FC398F /* TempModel.swift in Sources */ = {isa = PBXBuildFile; fileRef = 9F3A12BB26ECED3300FC398F /* TempModel.swift */; };
		9F3A12BE26ECEE6000FC398F /* TempView.swift in Sources */ = {isa = PBXBuildFile; fileRef = 9F3A12BD26ECEE6000FC398F /* TempView.swift */; };
		9F3A12C026ECEE6B00FC398F /* TempViewModel.swift in Sources */ = {isa = PBXBuildFile; fileRef = 9F3A12BF26ECEE6B00FC398F /* TempViewModel.swift */; };
		9F5EB04C26EA3C7300C97429 /* Constants.swift in Sources */ = {isa = PBXBuildFile; fileRef = 9F5EB04B26EA3C7300C97429 /* Constants.swift */; };
		9F5EB05026EA537600C97429 /* HomeModeView.swift in Sources */ = {isa = PBXBuildFile; fileRef = 9F5EB04F26EA537600C97429 /* HomeModeView.swift */; };
		9F5EB05226EA538F00C97429 /* HomeModeViewModel.swift in Sources */ = {isa = PBXBuildFile; fileRef = 9F5EB05126EA538F00C97429 /* HomeModeViewModel.swift */; };
		9F5EB05426EA53A900C97429 /* HomeModeModel.swift in Sources */ = {isa = PBXBuildFile; fileRef = 9F5EB05326EA53A900C97429 /* HomeModeModel.swift */; };
		9F5EB05826EAB0BF00C97429 /* DatePickerHelper.swift in Sources */ = {isa = PBXBuildFile; fileRef = 9F5EB05726EAB0BF00C97429 /* DatePickerHelper.swift */; };
		9F74823D26EA3551003D0C1D /* WiserRemakeApp.swift in Sources */ = {isa = PBXBuildFile; fileRef = 9F74823C26EA3551003D0C1D /* WiserRemakeApp.swift */; };
		9F74823F26EA3551003D0C1D /* ContentView.swift in Sources */ = {isa = PBXBuildFile; fileRef = 9F74823E26EA3551003D0C1D /* ContentView.swift */; };
		9F74824126EA3551003D0C1D /* Assets.xcassets in Resources */ = {isa = PBXBuildFile; fileRef = 9F74824026EA3551003D0C1D /* Assets.xcassets */; };
		9F74824426EA3551003D0C1D /* Preview Assets.xcassets in Resources */ = {isa = PBXBuildFile; fileRef = 9F74824326EA3551003D0C1D /* Preview Assets.xcassets */; };
		9F74825026EA35DA003D0C1D /* LoginModel.swift in Sources */ = {isa = PBXBuildFile; fileRef = 9F74824F26EA35DA003D0C1D /* LoginModel.swift */; };
		9F74825226EA360A003D0C1D /* LoginView.swift in Sources */ = {isa = PBXBuildFile; fileRef = 9F74825126EA360A003D0C1D /* LoginView.swift */; };
		9F74825426EA362B003D0C1D /* LoginViewModel.swift in Sources */ = {isa = PBXBuildFile; fileRef = 9F74825326EA362B003D0C1D /* LoginViewModel.swift */; };
		9F80BA7526EFA02A00DB95B0 /* CustomTabView.swift in Sources */ = {isa = PBXBuildFile; fileRef = 9F80BA7426EFA02A00DB95B0 /* CustomTabView.swift */; };
		9F80BA7726EFF41E00DB95B0 /* ScheduleView.swift in Sources */ = {isa = PBXBuildFile; fileRef = 9F80BA7626EFF41E00DB95B0 /* ScheduleView.swift */; };
		9FDA7E5126EAD0DD00E7561D /* AppliancesView.swift in Sources */ = {isa = PBXBuildFile; fileRef = 9FDA7E5026EAD0DD00E7561D /* AppliancesView.swift */; };
		9FDA7E5326EAD11600E7561D /* AppliancesViewModel.swift in Sources */ = {isa = PBXBuildFile; fileRef = 9FDA7E5226EAD11600E7561D /* AppliancesViewModel.swift */; };
		9FDA7E5526EAD1C100E7561D /* ApplianceModel.swift in Sources */ = {isa = PBXBuildFile; fileRef = 9FDA7E5426EAD1C100E7561D /* ApplianceModel.swift */; };
		9FDA7E5726EAD3BE00E7561D /* CardHelper.swift in Sources */ = {isa = PBXBuildFile; fileRef = 9FDA7E5626EAD3BE00E7561D /* CardHelper.swift */; };
/* End PBXBuildFile section */

/* Begin PBXFileReference section */
		9F3A12BB26ECED3300FC398F /* TempModel.swift */ = {isa = PBXFileReference; lastKnownFileType = sourcecode.swift; path = TempModel.swift; sourceTree = "<group>"; };
		9F3A12BD26ECEE6000FC398F /* TempView.swift */ = {isa = PBXFileReference; lastKnownFileType = sourcecode.swift; path = TempView.swift; sourceTree = "<group>"; };
		9F3A12BF26ECEE6B00FC398F /* TempViewModel.swift */ = {isa = PBXFileReference; lastKnownFileType = sourcecode.swift; path = TempViewModel.swift; sourceTree = "<group>"; };
		9F5EB04B26EA3C7300C97429 /* Constants.swift */ = {isa = PBXFileReference; lastKnownFileType = sourcecode.swift; path = Constants.swift; sourceTree = "<group>"; };
		9F5EB04F26EA537600C97429 /* HomeModeView.swift */ = {isa = PBXFileReference; lastKnownFileType = sourcecode.swift; path = HomeModeView.swift; sourceTree = "<group>"; };
		9F5EB05126EA538F00C97429 /* HomeModeViewModel.swift */ = {isa = PBXFileReference; lastKnownFileType = sourcecode.swift; path = HomeModeViewModel.swift; sourceTree = "<group>"; };
		9F5EB05326EA53A900C97429 /* HomeModeModel.swift */ = {isa = PBXFileReference; lastKnownFileType = sourcecode.swift; path = HomeModeModel.swift; sourceTree = "<group>"; };
		9F5EB05726EAB0BF00C97429 /* DatePickerHelper.swift */ = {isa = PBXFileReference; lastKnownFileType = sourcecode.swift; path = DatePickerHelper.swift; sourceTree = "<group>"; };
		9F74823926EA3551003D0C1D /* WiserRemake.app */ = {isa = PBXFileReference; explicitFileType = wrapper.application; includeInIndex = 0; path = WiserRemake.app; sourceTree = BUILT_PRODUCTS_DIR; };
		9F74823C26EA3551003D0C1D /* WiserRemakeApp.swift */ = {isa = PBXFileReference; lastKnownFileType = sourcecode.swift; path = WiserRemakeApp.swift; sourceTree = "<group>"; };
		9F74823E26EA3551003D0C1D /* ContentView.swift */ = {isa = PBXFileReference; lastKnownFileType = sourcecode.swift; path = ContentView.swift; sourceTree = "<group>"; };
		9F74824026EA3551003D0C1D /* Assets.xcassets */ = {isa = PBXFileReference; lastKnownFileType = folder.assetcatalog; path = Assets.xcassets; sourceTree = "<group>"; };
		9F74824326EA3551003D0C1D /* Preview Assets.xcassets */ = {isa = PBXFileReference; lastKnownFileType = folder.assetcatalog; path = "Preview Assets.xcassets"; sourceTree = "<group>"; };
		9F74824526EA3551003D0C1D /* Info.plist */ = {isa = PBXFileReference; lastKnownFileType = text.plist.xml; path = Info.plist; sourceTree = "<group>"; };
		9F74824F26EA35DA003D0C1D /* LoginModel.swift */ = {isa = PBXFileReference; lastKnownFileType = sourcecode.swift; path = LoginModel.swift; sourceTree = "<group>"; };
		9F74825126EA360A003D0C1D /* LoginView.swift */ = {isa = PBXFileReference; lastKnownFileType = sourcecode.swift; path = LoginView.swift; sourceTree = "<group>"; };
		9F74825326EA362B003D0C1D /* LoginViewModel.swift */ = {isa = PBXFileReference; lastKnownFileType = sourcecode.swift; path = LoginViewModel.swift; sourceTree = "<group>"; };
		9F80BA7426EFA02A00DB95B0 /* CustomTabView.swift */ = {isa = PBXFileReference; lastKnownFileType = sourcecode.swift; path = CustomTabView.swift; sourceTree = "<group>"; };
		9F80BA7626EFF41E00DB95B0 /* ScheduleView.swift */ = {isa = PBXFileReference; lastKnownFileType = sourcecode.swift; path = ScheduleView.swift; sourceTree = "<group>"; };
		9FDA7E5026EAD0DD00E7561D /* AppliancesView.swift */ = {isa = PBXFileReference; lastKnownFileType = sourcecode.swift; path = AppliancesView.swift; sourceTree = "<group>"; };
		9FDA7E5226EAD11600E7561D /* AppliancesViewModel.swift */ = {isa = PBXFileReference; lastKnownFileType = sourcecode.swift; path = AppliancesViewModel.swift; sourceTree = "<group>"; };
		9FDA7E5426EAD1C100E7561D /* ApplianceModel.swift */ = {isa = PBXFileReference; lastKnownFileType = sourcecode.swift; path = ApplianceModel.swift; sourceTree = "<group>"; };
		9FDA7E5626EAD3BE00E7561D /* CardHelper.swift */ = {isa = PBXFileReference; lastKnownFileType = sourcecode.swift; path = CardHelper.swift; sourceTree = "<group>"; };
/* End PBXFileReference section */

/* Begin PBXFrameworksBuildPhase section */
		9F74823626EA3551003D0C1D /* Frameworks */ = {
			isa = PBXFrameworksBuildPhase;
			buildActionMask = 2147483647;
			files = (
			);
			runOnlyForDeploymentPostprocessing = 0;
		};
/* End PBXFrameworksBuildPhase section */

/* Begin PBXGroup section */
		9F3A12B026ECA22500FC398F /* Helpers */ = {
			isa = PBXGroup;
			children = (
				9F5EB04B26EA3C7300C97429 /* Constants.swift */,
				9FDA7E5626EAD3BE00E7561D /* CardHelper.swift */,
				9F5EB05726EAB0BF00C97429 /* DatePickerHelper.swift */,
			);
			path = Helpers;
			sourceTree = "<group>";
		};
		9F74823026EA3551003D0C1D = {
			isa = PBXGroup;
			children = (
				9F74823B26EA3551003D0C1D /* WiserRemake */,
				9F74823A26EA3551003D0C1D /* Products */,
			);
			sourceTree = "<group>";
		};
		9F74823A26EA3551003D0C1D /* Products */ = {
			isa = PBXGroup;
			children = (
				9F74823926EA3551003D0C1D /* WiserRemake.app */,
			);
			name = Products;
			sourceTree = "<group>";
		};
		9F74823B26EA3551003D0C1D /* WiserRemake */ = {
			isa = PBXGroup;
			children = (
				9F3A12B026ECA22500FC398F /* Helpers */,
				9F74824C26EA357C003D0C1D /* Models */,
				9F74824D26EA3581003D0C1D /* Views */,
				9F74824E26EA3588003D0C1D /* ViewsModels */,
				9F74823C26EA3551003D0C1D /* WiserRemakeApp.swift */,
				9F74823E26EA3551003D0C1D /* ContentView.swift */,
				9F74824026EA3551003D0C1D /* Assets.xcassets */,
				9F74824526EA3551003D0C1D /* Info.plist */,
				9F74824226EA3551003D0C1D /* Preview Content */,
			);
			path = WiserRemake;
			sourceTree = "<group>";
		};
		9F74824226EA3551003D0C1D /* Preview Content */ = {
			isa = PBXGroup;
			children = (
				9F74824326EA3551003D0C1D /* Preview Assets.xcassets */,
			);
			path = "Preview Content";
			sourceTree = "<group>";
		};
		9F74824C26EA357C003D0C1D /* Models */ = {
			isa = PBXGroup;
			children = (
				9F74824F26EA35DA003D0C1D /* LoginModel.swift */,
				9F5EB05326EA53A900C97429 /* HomeModeModel.swift */,
				9FDA7E5426EAD1C100E7561D /* ApplianceModel.swift */,
				9F3A12BB26ECED3300FC398F /* TempModel.swift */,
			);
			path = Models;
			sourceTree = "<group>";
		};
		9F74824D26EA3581003D0C1D /* Views */ = {
			isa = PBXGroup;
			children = (
				9F80BA7426EFA02A00DB95B0 /* CustomTabView.swift */,
				9F74825126EA360A003D0C1D /* LoginView.swift */,
				9F5EB04F26EA537600C97429 /* HomeModeView.swift */,
				9FDA7E5026EAD0DD00E7561D /* AppliancesView.swift */,
				9F3A12BD26ECEE6000FC398F /* TempView.swift */,
				9F80BA7626EFF41E00DB95B0 /* ScheduleView.swift */,
			);
			path = Views;
			sourceTree = "<group>";
		};
		9F74824E26EA3588003D0C1D /* ViewsModels */ = {
			isa = PBXGroup;
			children = (
				9F74825326EA362B003D0C1D /* LoginViewModel.swift */,
				9F5EB05126EA538F00C97429 /* HomeModeViewModel.swift */,
				9FDA7E5226EAD11600E7561D /* AppliancesViewModel.swift */,
				9F3A12BF26ECEE6B00FC398F /* TempViewModel.swift */,
			);
			path = ViewsModels;
			sourceTree = "<group>";
		};
/* End PBXGroup section */

/* Begin PBXNativeTarget section */
		9F74823826EA3551003D0C1D /* WiserRemake */ = {
			isa = PBXNativeTarget;
			buildConfigurationList = 9F74824826EA3551003D0C1D /* Build configuration list for PBXNativeTarget "WiserRemake" */;
			buildPhases = (
				9F74823526EA3551003D0C1D /* Sources */,
				9F74823626EA3551003D0C1D /* Frameworks */,
				9F74823726EA3551003D0C1D /* Resources */,
				9F74824B26EA355F003D0C1D /* ShellScript */,
			);
			buildRules = (
			);
			dependencies = (
			);
			name = WiserRemake;
			productName = WiserRemake;
			productReference = 9F74823926EA3551003D0C1D /* WiserRemake.app */;
			productType = "com.apple.product-type.application";
		};
/* End PBXNativeTarget section */

/* Begin PBXProject section */
		9F74823126EA3551003D0C1D /* Project object */ = {
			isa = PBXProject;
			attributes = {
				LastSwiftUpdateCheck = 1250;
				LastUpgradeCheck = 1250;
				TargetAttributes = {
					9F74823826EA3551003D0C1D = {
						CreatedOnToolsVersion = 12.5.1;
					};
				};
			};
			buildConfigurationList = 9F74823426EA3551003D0C1D /* Build configuration list for PBXProject "WiserRemake" */;
			compatibilityVersion = "Xcode 9.3";
			developmentRegion = en;
			hasScannedForEncodings = 0;
			knownRegions = (
				en,
				Base,
			);
			mainGroup = 9F74823026EA3551003D0C1D;
			productRefGroup = 9F74823A26EA3551003D0C1D /* Products */;
			projectDirPath = "";
			projectRoot = "";
			targets = (
				9F74823826EA3551003D0C1D /* WiserRemake */,
			);
		};
/* End PBXProject section */

/* Begin PBXResourcesBuildPhase section */
		9F74823726EA3551003D0C1D /* Resources */ = {
			isa = PBXResourcesBuildPhase;
			buildActionMask = 2147483647;
			files = (
				9F74824426EA3551003D0C1D /* Preview Assets.xcassets in Resources */,
				9F74824126EA3551003D0C1D /* Assets.xcassets in Resources */,
			);
			runOnlyForDeploymentPostprocessing = 0;
		};
/* End PBXResourcesBuildPhase section */

/* Begin PBXShellScriptBuildPhase section */
		9F74824B26EA355F003D0C1D /* ShellScript */ = {
			isa = PBXShellScriptBuildPhase;
			buildActionMask = 2147483647;
			files = (
			);
			inputFileListPaths = (
			);
			inputPaths = (
			);
			outputFileListPaths = (
			);
			outputPaths = (
			);
			runOnlyForDeploymentPostprocessing = 0;
			shellPath = /bin/sh;
			shellScript = "if which swiftlint >/dev/null; then\n  swiftlint\nelse\n  echo \"warning: SwiftLint not installed, download from https://github.com/realm/SwiftLint\"\nfi\n";
		};
/* End PBXShellScriptBuildPhase section */

/* Begin PBXSourcesBuildPhase section */
		9F74823526EA3551003D0C1D /* Sources */ = {
			isa = PBXSourcesBuildPhase;
			buildActionMask = 2147483647;
			files = (
				9F74823F26EA3551003D0C1D /* ContentView.swift in Sources */,
				9F74825026EA35DA003D0C1D /* LoginModel.swift in Sources */,
				9F74825226EA360A003D0C1D /* LoginView.swift in Sources */,
				9F74825426EA362B003D0C1D /* LoginViewModel.swift in Sources */,
				9FDA7E5726EAD3BE00E7561D /* CardHelper.swift in Sources */,
				9F5EB05226EA538F00C97429 /* HomeModeViewModel.swift in Sources */,
				9F80BA7526EFA02A00DB95B0 /* CustomTabView.swift in Sources */,
				9F3A12BC26ECED3300FC398F /* TempModel.swift in Sources */,
				9F3A12C026ECEE6B00FC398F /* TempViewModel.swift in Sources */,
				9FDA7E5326EAD11600E7561D /* AppliancesViewModel.swift in Sources */,
				9F74823D26EA3551003D0C1D /* WiserRemakeApp.swift in Sources */,
				9F5EB05426EA53A900C97429 /* HomeModeModel.swift in Sources */,
				9F3A12BE26ECEE6000FC398F /* TempView.swift in Sources */,
				9FDA7E5526EAD1C100E7561D /* ApplianceModel.swift in Sources */,
				9F5EB05826EAB0BF00C97429 /* DatePickerHelper.swift in Sources */,
				9F5EB05026EA537600C97429 /* HomeModeView.swift in Sources */,
				9FDA7E5126EAD0DD00E7561D /* AppliancesView.swift in Sources */,
				9F5EB04C26EA3C7300C97429 /* Constants.swift in Sources */,
				9F80BA7726EFF41E00DB95B0 /* ScheduleView.swift in Sources */,
			);
			runOnlyForDeploymentPostprocessing = 0;
		};
/* End PBXSourcesBuildPhase section */

/* Begin XCBuildConfiguration section */
		9F74824626EA3551003D0C1D /* Debug */ = {
			isa = XCBuildConfiguration;
			buildSettings = {
				ALWAYS_SEARCH_USER_PATHS = NO;
				CLANG_ANALYZER_NONNULL = YES;
				CLANG_ANALYZER_NUMBER_OBJECT_CONVERSION = YES_AGGRESSIVE;
				CLANG_CXX_LANGUAGE_STANDARD = "gnu++14";
				CLANG_CXX_LIBRARY = "libc++";
				CLANG_ENABLE_MODULES = YES;
				CLANG_ENABLE_OBJC_ARC = YES;
				CLANG_ENABLE_OBJC_WEAK = YES;
				CLANG_WARN_BLOCK_CAPTURE_AUTORELEASING = YES;
				CLANG_WARN_BOOL_CONVERSION = YES;
				CLANG_WARN_COMMA = YES;
				CLANG_WARN_CONSTANT_CONVERSION = YES;
				CLANG_WARN_DEPRECATED_OBJC_IMPLEMENTATIONS = YES;
				CLANG_WARN_DIRECT_OBJC_ISA_USAGE = YES_ERROR;
				CLANG_WARN_DOCUMENTATION_COMMENTS = YES;
				CLANG_WARN_EMPTY_BODY = YES;
				CLANG_WARN_ENUM_CONVERSION = YES;
				CLANG_WARN_INFINITE_RECURSION = YES;
				CLANG_WARN_INT_CONVERSION = YES;
				CLANG_WARN_NON_LITERAL_NULL_CONVERSION = YES;
				CLANG_WARN_OBJC_IMPLICIT_RETAIN_SELF = YES;
				CLANG_WARN_OBJC_LITERAL_CONVERSION = YES;
				CLANG_WARN_OBJC_ROOT_CLASS = YES_ERROR;
				CLANG_WARN_QUOTED_INCLUDE_IN_FRAMEWORK_HEADER = YES;
				CLANG_WARN_RANGE_LOOP_ANALYSIS = YES;
				CLANG_WARN_STRICT_PROTOTYPES = YES;
				CLANG_WARN_SUSPICIOUS_MOVE = YES;
				CLANG_WARN_UNGUARDED_AVAILABILITY = YES_AGGRESSIVE;
				CLANG_WARN_UNREACHABLE_CODE = YES;
				CLANG_WARN__DUPLICATE_METHOD_MATCH = YES;
				COPY_PHASE_STRIP = NO;
				DEBUG_INFORMATION_FORMAT = dwarf;
				ENABLE_STRICT_OBJC_MSGSEND = YES;
				ENABLE_TESTABILITY = YES;
				GCC_C_LANGUAGE_STANDARD = gnu11;
				GCC_DYNAMIC_NO_PIC = NO;
				GCC_NO_COMMON_BLOCKS = YES;
				GCC_OPTIMIZATION_LEVEL = 0;
				GCC_PREPROCESSOR_DEFINITIONS = (
					"DEBUG=1",
					"$(inherited)",
				);
				GCC_WARN_64_TO_32_BIT_CONVERSION = YES;
				GCC_WARN_ABOUT_RETURN_TYPE = YES_ERROR;
				GCC_WARN_UNDECLARED_SELECTOR = YES;
				GCC_WARN_UNINITIALIZED_AUTOS = YES_AGGRESSIVE;
				GCC_WARN_UNUSED_FUNCTION = YES;
				GCC_WARN_UNUSED_VARIABLE = YES;
				IPHONEOS_DEPLOYMENT_TARGET = 14.5;
				MTL_ENABLE_DEBUG_INFO = INCLUDE_SOURCE;
				MTL_FAST_MATH = YES;
				ONLY_ACTIVE_ARCH = YES;
				SDKROOT = iphoneos;
				SWIFT_ACTIVE_COMPILATION_CONDITIONS = DEBUG;
				SWIFT_OPTIMIZATION_LEVEL = "-Onone";
			};
			name = Debug;
		};
		9F74824726EA3551003D0C1D /* Release */ = {
			isa = XCBuildConfiguration;
			buildSettings = {
				ALWAYS_SEARCH_USER_PATHS = NO;
				CLANG_ANALYZER_NONNULL = YES;
				CLANG_ANALYZER_NUMBER_OBJECT_CONVERSION = YES_AGGRESSIVE;
				CLANG_CXX_LANGUAGE_STANDARD = "gnu++14";
				CLANG_CXX_LIBRARY = "libc++";
				CLANG_ENABLE_MODULES = YES;
				CLANG_ENABLE_OBJC_ARC = YES;
				CLANG_ENABLE_OBJC_WEAK = YES;
				CLANG_WARN_BLOCK_CAPTURE_AUTORELEASING = YES;
				CLANG_WARN_BOOL_CONVERSION = YES;
				CLANG_WARN_COMMA = YES;
				CLANG_WARN_CONSTANT_CONVERSION = YES;
				CLANG_WARN_DEPRECATED_OBJC_IMPLEMENTATIONS = YES;
				CLANG_WARN_DIRECT_OBJC_ISA_USAGE = YES_ERROR;
				CLANG_WARN_DOCUMENTATION_COMMENTS = YES;
				CLANG_WARN_EMPTY_BODY = YES;
				CLANG_WARN_ENUM_CONVERSION = YES;
				CLANG_WARN_INFINITE_RECURSION = YES;
				CLANG_WARN_INT_CONVERSION = YES;
				CLANG_WARN_NON_LITERAL_NULL_CONVERSION = YES;
				CLANG_WARN_OBJC_IMPLICIT_RETAIN_SELF = YES;
				CLANG_WARN_OBJC_LITERAL_CONVERSION = YES;
				CLANG_WARN_OBJC_ROOT_CLASS = YES_ERROR;
				CLANG_WARN_QUOTED_INCLUDE_IN_FRAMEWORK_HEADER = YES;
				CLANG_WARN_RANGE_LOOP_ANALYSIS = YES;
				CLANG_WARN_STRICT_PROTOTYPES = YES;
				CLANG_WARN_SUSPICIOUS_MOVE = YES;
				CLANG_WARN_UNGUARDED_AVAILABILITY = YES_AGGRESSIVE;
				CLANG_WARN_UNREACHABLE_CODE = YES;
				CLANG_WARN__DUPLICATE_METHOD_MATCH = YES;
				COPY_PHASE_STRIP = NO;
				DEBUG_INFORMATION_FORMAT = "dwarf-with-dsym";
				ENABLE_NS_ASSERTIONS = NO;
				ENABLE_STRICT_OBJC_MSGSEND = YES;
				GCC_C_LANGUAGE_STANDARD = gnu11;
				GCC_NO_COMMON_BLOCKS = YES;
				GCC_WARN_64_TO_32_BIT_CONVERSION = YES;
				GCC_WARN_ABOUT_RETURN_TYPE = YES_ERROR;
				GCC_WARN_UNDECLARED_SELECTOR = YES;
				GCC_WARN_UNINITIALIZED_AUTOS = YES_AGGRESSIVE;
				GCC_WARN_UNUSED_FUNCTION = YES;
				GCC_WARN_UNUSED_VARIABLE = YES;
				IPHONEOS_DEPLOYMENT_TARGET = 14.5;
				MTL_ENABLE_DEBUG_INFO = NO;
				MTL_FAST_MATH = YES;
				SDKROOT = iphoneos;
				SWIFT_COMPILATION_MODE = wholemodule;
				SWIFT_OPTIMIZATION_LEVEL = "-O";
				VALIDATE_PRODUCT = YES;
			};
			name = Release;
		};
		9F74824926EA3551003D0C1D /* Debug */ = {
			isa = XCBuildConfiguration;
			buildSettings = {
				ASSETCATALOG_COMPILER_APPICON_NAME = AppIcon;
				ASSETCATALOG_COMPILER_GLOBAL_ACCENT_COLOR_NAME = AccentColor;
				CODE_SIGN_STYLE = Automatic;
				DEVELOPMENT_ASSET_PATHS = "\"WiserRemake/Preview Content\"";
				DEVELOPMENT_TEAM = 286V6NN9R7;
				ENABLE_PREVIEWS = YES;
				INFOPLIST_FILE = WiserRemake/Info.plist;
				IPHONEOS_DEPLOYMENT_TARGET = 14.0;
				LD_RUNPATH_SEARCH_PATHS = (
					"$(inherited)",
					"@executable_path/Frameworks",
				);
				PRODUCT_BUNDLE_IDENTIFIER = com.WiserRemake;
				PRODUCT_NAME = "$(TARGET_NAME)";
				SWIFT_VERSION = 5.0;
				TARGETED_DEVICE_FAMILY = "1,2";
			};
			name = Debug;
		};
		9F74824A26EA3551003D0C1D /* Release */ = {
			isa = XCBuildConfiguration;
			buildSettings = {
				ASSETCATALOG_COMPILER_APPICON_NAME = AppIcon;
				ASSETCATALOG_COMPILER_GLOBAL_ACCENT_COLOR_NAME = AccentColor;
				CODE_SIGN_STYLE = Automatic;
				DEVELOPMENT_ASSET_PATHS = "\"WiserRemake/Preview Content\"";
				DEVELOPMENT_TEAM = 286V6NN9R7;
				ENABLE_PREVIEWS = YES;
				INFOPLIST_FILE = WiserRemake/Info.plist;
				IPHONEOS_DEPLOYMENT_TARGET = 14.0;
				LD_RUNPATH_SEARCH_PATHS = (
					"$(inherited)",
					"@executable_path/Frameworks",
				);
				PRODUCT_BUNDLE_IDENTIFIER = com.WiserRemake;
				PRODUCT_NAME = "$(TARGET_NAME)";
				SWIFT_VERSION = 5.0;
				TARGETED_DEVICE_FAMILY = "1,2";
			};
			name = Release;
		};
/* End XCBuildConfiguration section */

/* Begin XCConfigurationList section */
		9F74823426EA3551003D0C1D /* Build configuration list for PBXProject "WiserRemake" */ = {
			isa = XCConfigurationList;
			buildConfigurations = (
				9F74824626EA3551003D0C1D /* Debug */,
				9F74824726EA3551003D0C1D /* Release */,
			);
			defaultConfigurationIsVisible = 0;
			defaultConfigurationName = Release;
		};
		9F74824826EA3551003D0C1D /* Build configuration list for PBXNativeTarget "WiserRemake" */ = {
			isa = XCConfigurationList;
			buildConfigurations = (
				9F74824926EA3551003D0C1D /* Debug */,
				9F74824A26EA3551003D0C1D /* Release */,
			);
			defaultConfigurationIsVisible = 0;
			defaultConfigurationName = Release;
		};
/* End XCConfigurationList section */
	};
	rootObject = 9F74823126EA3551003D0C1D /* Project object */;
}
